
Microsoft Visual Studio Solution File, Format Version 12.00
# Visual Studio Version 17
VisualStudioVersion = 17.5.33516.290
MinimumVisualStudioVersion = 10.0.40219.1
Project("{888888A0-9F3D-457C-B088-3A5042F75D52}") = "Cadenas", "Cadenas\Cadenas.pyproj", "{92E639DD-A598-4B9E-B665-B0CC2E2515D2}"
EndProject
Global
	GlobalSection(SolutionConfigurationPlatforms) = preSolution
		Debug|Any CPU = Debug|Any CPU
		Release|Any CPU = Release|Any CPU
	EndGlobalSection
	GlobalSection(ProjectConfigurationPlatforms) = postSolution
		{92E639DD-A598-4B9E-B665-B0CC2E2515D2}.Debug|Any CPU.ActiveCfg = Debug|Any CPU
		{92E639DD-A598-4B9E-B665-B0CC2E2515D2}.Release|Any CPU.ActiveCfg = Release|Any CPU
	EndGlobalSection
	GlobalSection(SolutionProperties) = preSolution
		HideSolutionNode = FALSE
	EndGlobalSection
	GlobalSection(ExtensibilityGlobals) = postSolution
		SolutionGuid = {046E65B1-D3D0-4119-9636-30F298C1693F}
	EndGlobalSection
EndGlobal
